// !$*UTF8*$!
{
	archiveVersion = 1;
	classes = {
	};
	objectVersion = 56;
	objects = {

/* Begin PBXBuildFile section */
		E69629A32A8931F40059AB8C /* AppDelegate.swift in Sources */ = {isa = PBXBuildFile; fileRef = E69629A22A8931F40059AB8C /* AppDelegate.swift */; };
		E69629A52A8931F40059AB8C /* SceneDelegate.swift in Sources */ = {isa = PBXBuildFile; fileRef = E69629A42A8931F40059AB8C /* SceneDelegate.swift */; };
		E69629A72A8931F40059AB8C /* RMTabViewController.swift in Sources */ = {isa = PBXBuildFile; fileRef = E69629A62A8931F40059AB8C /* RMTabViewController.swift */; };
		E69629AC2A8931F50059AB8C /* Assets.xcassets in Resources */ = {isa = PBXBuildFile; fileRef = E69629AB2A8931F50059AB8C /* Assets.xcassets */; };
		E69629AF2A8931F50059AB8C /* LaunchScreen.storyboard in Resources */ = {isa = PBXBuildFile; fileRef = E69629AD2A8931F50059AB8C /* LaunchScreen.storyboard */; };
		E69629BE2A8935390059AB8C /* RMLocation.swift in Sources */ = {isa = PBXBuildFile; fileRef = E69629BD2A8935390059AB8C /* RMLocation.swift */; };
		E69629C02A89354F0059AB8C /* RMCharacter.swift in Sources */ = {isa = PBXBuildFile; fileRef = E69629BF2A89354F0059AB8C /* RMCharacter.swift */; };
		E69629C22A89356A0059AB8C /* RMEpisode.swift in Sources */ = {isa = PBXBuildFile; fileRef = E69629C12A89356A0059AB8C /* RMEpisode.swift */; };
		E69629C52A89362C0059AB8C /* RMCharacterViewController.swift in Sources */ = {isa = PBXBuildFile; fileRef = E69629C42A89362C0059AB8C /* RMCharacterViewController.swift */; };
		E69629C72A8936450059AB8C /* RMLocationViewController.swift in Sources */ = {isa = PBXBuildFile; fileRef = E69629C62A8936450059AB8C /* RMLocationViewController.swift */; };
		E69629C92A8936670059AB8C /* RMEpisodeViewController.swift in Sources */ = {isa = PBXBuildFile; fileRef = E69629C82A8936670059AB8C /* RMEpisodeViewController.swift */; };
		E69629CB2A89367E0059AB8C /* RMSettingViewController.swift in Sources */ = {isa = PBXBuildFile; fileRef = E69629CA2A89367E0059AB8C /* RMSettingViewController.swift */; };
		E69629CD2A89C50D0059AB8C /* RMService.swift in Sources */ = {isa = PBXBuildFile; fileRef = E69629CC2A89C50D0059AB8C /* RMService.swift */; };
		E69629CF2A89C5310059AB8C /* RMRequest.swift in Sources */ = {isa = PBXBuildFile; fileRef = E69629CE2A89C5310059AB8C /* RMRequest.swift */; };
		E69629D12A89C6700059AB8C /* RMEndpoint.swift in Sources */ = {isa = PBXBuildFile; fileRef = E69629D02A89C6700059AB8C /* RMEndpoint.swift */; };
		E69629D32A89D0750059AB8C /* RMOrigin.swift in Sources */ = {isa = PBXBuildFile; fileRef = E69629D22A89D0750059AB8C /* RMOrigin.swift */; };
		E69629D52A89D1340059AB8C /* RMSingleLocation.swift in Sources */ = {isa = PBXBuildFile; fileRef = E69629D42A89D1340059AB8C /* RMSingleLocation.swift */; };
		E69629D72A89D2AA0059AB8C /* RMCharacterStatus.swift in Sources */ = {isa = PBXBuildFile; fileRef = E69629D62A89D2AA0059AB8C /* RMCharacterStatus.swift */; };
		E69629D92A89D3010059AB8C /* RMCharacterGender.swift in Sources */ = {isa = PBXBuildFile; fileRef = E69629D82A89D3010059AB8C /* RMCharacterGender.swift */; };
/* End PBXBuildFile section */

/* Begin PBXFileReference section */
		E696299F2A8931F40059AB8C /* RickAndMorty.app */ = {isa = PBXFileReference; explicitFileType = wrapper.application; includeInIndex = 0; path = RickAndMorty.app; sourceTree = BUILT_PRODUCTS_DIR; };
		E69629A22A8931F40059AB8C /* AppDelegate.swift */ = {isa = PBXFileReference; lastKnownFileType = sourcecode.swift; path = AppDelegate.swift; sourceTree = "<group>"; };
		E69629A42A8931F40059AB8C /* SceneDelegate.swift */ = {isa = PBXFileReference; lastKnownFileType = sourcecode.swift; path = SceneDelegate.swift; sourceTree = "<group>"; };
		E69629A62A8931F40059AB8C /* RMTabViewController.swift */ = {isa = PBXFileReference; lastKnownFileType = sourcecode.swift; path = RMTabViewController.swift; sourceTree = "<group>"; };
		E69629AB2A8931F50059AB8C /* Assets.xcassets */ = {isa = PBXFileReference; lastKnownFileType = folder.assetcatalog; path = Assets.xcassets; sourceTree = "<group>"; };
		E69629AE2A8931F50059AB8C /* Base */ = {isa = PBXFileReference; lastKnownFileType = file.storyboard; name = Base; path = Base.lproj/LaunchScreen.storyboard; sourceTree = "<group>"; };
		E69629B02A8931F50059AB8C /* Info.plist */ = {isa = PBXFileReference; lastKnownFileType = text.plist.xml; path = Info.plist; sourceTree = "<group>"; };
		E69629BD2A8935390059AB8C /* RMLocation.swift */ = {isa = PBXFileReference; lastKnownFileType = sourcecode.swift; path = RMLocation.swift; sourceTree = "<group>"; };
		E69629BF2A89354F0059AB8C /* RMCharacter.swift */ = {isa = PBXFileReference; lastKnownFileType = sourcecode.swift; path = RMCharacter.swift; sourceTree = "<group>"; };
		E69629C12A89356A0059AB8C /* RMEpisode.swift */ = {isa = PBXFileReference; lastKnownFileType = sourcecode.swift; path = RMEpisode.swift; sourceTree = "<group>"; };
		E69629C42A89362C0059AB8C /* RMCharacterViewController.swift */ = {isa = PBXFileReference; lastKnownFileType = sourcecode.swift; path = RMCharacterViewController.swift; sourceTree = "<group>"; };
		E69629C62A8936450059AB8C /* RMLocationViewController.swift */ = {isa = PBXFileReference; lastKnownFileType = sourcecode.swift; path = RMLocationViewController.swift; sourceTree = "<group>"; };
		E69629C82A8936670059AB8C /* RMEpisodeViewController.swift */ = {isa = PBXFileReference; lastKnownFileType = sourcecode.swift; path = RMEpisodeViewController.swift; sourceTree = "<group>"; };
		E69629CA2A89367E0059AB8C /* RMSettingViewController.swift */ = {isa = PBXFileReference; lastKnownFileType = sourcecode.swift; path = RMSettingViewController.swift; sourceTree = "<group>"; };
		E69629CC2A89C50D0059AB8C /* RMService.swift */ = {isa = PBXFileReference; lastKnownFileType = sourcecode.swift; path = RMService.swift; sourceTree = "<group>"; };
		E69629CE2A89C5310059AB8C /* RMRequest.swift */ = {isa = PBXFileReference; lastKnownFileType = sourcecode.swift; path = RMRequest.swift; sourceTree = "<group>"; };
		E69629D02A89C6700059AB8C /* RMEndpoint.swift */ = {isa = PBXFileReference; lastKnownFileType = sourcecode.swift; path = RMEndpoint.swift; sourceTree = "<group>"; };
		E69629D22A89D0750059AB8C /* RMOrigin.swift */ = {isa = PBXFileReference; lastKnownFileType = sourcecode.swift; path = RMOrigin.swift; sourceTree = "<group>"; };
		E69629D42A89D1340059AB8C /* RMSingleLocation.swift */ = {isa = PBXFileReference; lastKnownFileType = sourcecode.swift; path = RMSingleLocation.swift; sourceTree = "<group>"; };
		E69629D62A89D2AA0059AB8C /* RMCharacterStatus.swift */ = {isa = PBXFileReference; lastKnownFileType = sourcecode.swift; path = RMCharacterStatus.swift; sourceTree = "<group>"; };
		E69629D82A89D3010059AB8C /* RMCharacterGender.swift */ = {isa = PBXFileReference; lastKnownFileType = sourcecode.swift; path = RMCharacterGender.swift; sourceTree = "<group>"; };
/* End PBXFileReference section */

/* Begin PBXFrameworksBuildPhase section */
		E696299C2A8931F40059AB8C /* Frameworks */ = {
			isa = PBXFrameworksBuildPhase;
			buildActionMask = 2147483647;
			files = (
			);
			runOnlyForDeploymentPostprocessing = 0;
		};
/* End PBXFrameworksBuildPhase section */

/* Begin PBXGroup section */
		E69629962A8931F40059AB8C = {
			isa = PBXGroup;
			children = (
				E69629A12A8931F40059AB8C /* RickAndMorty */,
				E69629A02A8931F40059AB8C /* Products */,
			);
			sourceTree = "<group>";
		};
		E69629A02A8931F40059AB8C /* Products */ = {
			isa = PBXGroup;
			children = (
				E696299F2A8931F40059AB8C /* RickAndMorty.app */,
			);
			name = Products;
			sourceTree = "<group>";
		};
		E69629A12A8931F40059AB8C /* RickAndMorty */ = {
			isa = PBXGroup;
			children = (
				E69629BC2A8934230059AB8C /* Resources */,
				E69629BB2A8934100059AB8C /* Managers */,
				E69629BA2A8933FF0059AB8C /* APIClient */,
				E69629B92A8933EE0059AB8C /* ViewModels */,
				E69629B82A8933E80059AB8C /* Views */,
				E69629B72A8933E00059AB8C /* Models */,
				E69629B62A8933D30059AB8C /* Controllers */,
				E69629B02A8931F50059AB8C /* Info.plist */,
			);
			path = RickAndMorty;
			sourceTree = "<group>";
		};
		E69629B62A8933D30059AB8C /* Controllers */ = {
			isa = PBXGroup;
			children = (
				E69629C32A8935ED0059AB8C /* Core */,
			);
			path = Controllers;
			sourceTree = "<group>";
		};
		E69629B72A8933E00059AB8C /* Models */ = {
			isa = PBXGroup;
			children = (
				E69629BD2A8935390059AB8C /* RMLocation.swift */,
				E69629BF2A89354F0059AB8C /* RMCharacter.swift */,
				E69629C12A89356A0059AB8C /* RMEpisode.swift */,
				E69629D22A89D0750059AB8C /* RMOrigin.swift */,
				E69629D42A89D1340059AB8C /* RMSingleLocation.swift */,
				E69629D62A89D2AA0059AB8C /* RMCharacterStatus.swift */,
				E69629D82A89D3010059AB8C /* RMCharacterGender.swift */,
			);
			path = Models;
			sourceTree = "<group>";
		};
		E69629B82A8933E80059AB8C /* Views */ = {
			isa = PBXGroup;
			children = (
			);
			path = Views;
			sourceTree = "<group>";
		};
		E69629B92A8933EE0059AB8C /* ViewModels */ = {
			isa = PBXGroup;
			children = (
			);
			path = ViewModels;
			sourceTree = "<group>";
		};
		E69629BA2A8933FF0059AB8C /* APIClient */ = {
			isa = PBXGroup;
			children = (
				E69629CC2A89C50D0059AB8C /* RMService.swift */,
				E69629CE2A89C5310059AB8C /* RMRequest.swift */,
				E69629D02A89C6700059AB8C /* RMEndpoint.swift */,
			);
			path = APIClient;
			sourceTree = "<group>";
		};
		E69629BB2A8934100059AB8C /* Managers */ = {
			isa = PBXGroup;
			children = (
			);
			path = Managers;
			sourceTree = "<group>";
		};
		E69629BC2A8934230059AB8C /* Resources */ = {
			isa = PBXGroup;
			children = (
				E69629AB2A8931F50059AB8C /* Assets.xcassets */,
				E69629AD2A8931F50059AB8C /* LaunchScreen.storyboard */,
				E69629A22A8931F40059AB8C /* AppDelegate.swift */,
				E69629A42A8931F40059AB8C /* SceneDelegate.swift */,
			);
			path = Resources;
			sourceTree = "<group>";
		};
		E69629C32A8935ED0059AB8C /* Core */ = {
			isa = PBXGroup;
			children = (
				E69629A62A8931F40059AB8C /* RMTabViewController.swift */,
				E69629C42A89362C0059AB8C /* RMCharacterViewController.swift */,
				E69629C62A8936450059AB8C /* RMLocationViewController.swift */,
				E69629C82A8936670059AB8C /* RMEpisodeViewController.swift */,
				E69629CA2A89367E0059AB8C /* RMSettingViewController.swift */,
			);
			path = Core;
			sourceTree = "<group>";
		};
/* End PBXGroup section */

/* Begin PBXNativeTarget section */
		E696299E2A8931F40059AB8C /* RickAndMorty */ = {
			isa = PBXNativeTarget;
			buildConfigurationList = E69629B32A8931F50059AB8C /* Build configuration list for PBXNativeTarget "RickAndMorty" */;
			buildPhases = (
				E696299B2A8931F40059AB8C /* Sources */,
				E696299C2A8931F40059AB8C /* Frameworks */,
				E696299D2A8931F40059AB8C /* Resources */,
			);
			buildRules = (
			);
			dependencies = (
			);
			name = RickAndMorty;
			productName = RickAndMorty;
			productReference = E696299F2A8931F40059AB8C /* RickAndMorty.app */;
			productType = "com.apple.product-type.application";
		};
/* End PBXNativeTarget section */

/* Begin PBXProject section */
		E69629972A8931F40059AB8C /* Project object */ = {
			isa = PBXProject;
			attributes = {
				BuildIndependentTargetsInParallel = 1;
				LastSwiftUpdateCheck = 1410;
				LastUpgradeCheck = 1410;
				TargetAttributes = {
					E696299E2A8931F40059AB8C = {
						CreatedOnToolsVersion = 14.1;
					};
				};
			};
			buildConfigurationList = E696299A2A8931F40059AB8C /* Build configuration list for PBXProject "RickAndMorty" */;
			compatibilityVersion = "Xcode 14.0";
			developmentRegion = en;
			hasScannedForEncodings = 0;
			knownRegions = (
				en,
				Base,
			);
			mainGroup = E69629962A8931F40059AB8C;
			productRefGroup = E69629A02A8931F40059AB8C /* Products */;
			projectDirPath = "";
			projectRoot = "";
			targets = (
				E696299E2A8931F40059AB8C /* RickAndMorty */,
			);
		};
/* End PBXProject section */

/* Begin PBXResourcesBuildPhase section */
		E696299D2A8931F40059AB8C /* Resources */ = {
			isa = PBXResourcesBuildPhase;
			buildActionMask = 2147483647;
			files = (
				E69629AF2A8931F50059AB8C /* LaunchScreen.storyboard in Resources */,
				E69629AC2A8931F50059AB8C /* Assets.xcassets in Resources */,
			);
			runOnlyForDeploymentPostprocessing = 0;
		};
/* End PBXResourcesBuildPhase section */

/* Begin PBXSourcesBuildPhase section */
		E696299B2A8931F40059AB8C /* Sources */ = {
			isa = PBXSourcesBuildPhase;
			buildActionMask = 2147483647;
			files = (
				E69629D32A89D0750059AB8C /* RMOrigin.swift in Sources */,
				E69629D52A89D1340059AB8C /* RMSingleLocation.swift in Sources */,
				E69629D72A89D2AA0059AB8C /* RMCharacterStatus.swift in Sources */,
				E69629D92A89D3010059AB8C /* RMCharacterGender.swift in Sources */,
				E69629C72A8936450059AB8C /* RMLocationViewController.swift in Sources */,
				E69629C22A89356A0059AB8C /* RMEpisode.swift in Sources */,
				E69629A72A8931F40059AB8C /* RMTabViewController.swift in Sources */,
				E69629C92A8936670059AB8C /* RMEpisodeViewController.swift in Sources */,
				E69629CB2A89367E0059AB8C /* RMSettingViewController.swift in Sources */,
				E69629A32A8931F40059AB8C /* AppDelegate.swift in Sources */,
				E69629A52A8931F40059AB8C /* SceneDelegate.swift in Sources */,
				E69629CD2A89C50D0059AB8C /* RMService.swift in Sources */,
				E69629BE2A8935390059AB8C /* RMLocation.swift in Sources */,
				E69629D12A89C6700059AB8C /* RMEndpoint.swift in Sources */,
				E69629C02A89354F0059AB8C /* RMCharacter.swift in Sources */,
				E69629CF2A89C5310059AB8C /* RMRequest.swift in Sources */,
				E69629C52A89362C0059AB8C /* RMCharacterViewController.swift in Sources */,
			);
			runOnlyForDeploymentPostprocessing = 0;
		};
/* End PBXSourcesBuildPhase section */

/* Begin PBXVariantGroup section */
		E69629AD2A8931F50059AB8C /* LaunchScreen.storyboard */ = {
			isa = PBXVariantGroup;
			children = (
				E69629AE2A8931F50059AB8C /* Base */,
			);
			name = LaunchScreen.storyboard;
			sourceTree = "<group>";
		};
/* End PBXVariantGroup section */

/* Begin XCBuildConfiguration section */
		E69629B12A8931F50059AB8C /* Debug */ = {
			isa = XCBuildConfiguration;
			buildSettings = {
				ALWAYS_SEARCH_USER_PATHS = NO;
				CLANG_ANALYZER_NONNULL = YES;
				CLANG_ANALYZER_NUMBER_OBJECT_CONVERSION = YES_AGGRESSIVE;
				CLANG_CXX_LANGUAGE_STANDARD = "gnu++20";
				CLANG_ENABLE_MODULES = YES;
				CLANG_ENABLE_OBJC_ARC = YES;
				CLANG_ENABLE_OBJC_WEAK = YES;
				CLANG_WARN_BLOCK_CAPTURE_AUTORELEASING = YES;
				CLANG_WARN_BOOL_CONVERSION = YES;
				CLANG_WARN_COMMA = YES;
				CLANG_WARN_CONSTANT_CONVERSION = YES;
				CLANG_WARN_DEPRECATED_OBJC_IMPLEMENTATIONS = YES;
				CLANG_WARN_DIRECT_OBJC_ISA_USAGE = YES_ERROR;
				CLANG_WARN_DOCUMENTATION_COMMENTS = YES;
				CLANG_WARN_EMPTY_BODY = YES;
				CLANG_WARN_ENUM_CONVERSION = YES;
				CLANG_WARN_INFINITE_RECURSION = YES;
				CLANG_WARN_INT_CONVERSION = YES;
				CLANG_WARN_NON_LITERAL_NULL_CONVERSION = YES;
				CLANG_WARN_OBJC_IMPLICIT_RETAIN_SELF = YES;
				CLANG_WARN_OBJC_LITERAL_CONVERSION = YES;
				CLANG_WARN_OBJC_ROOT_CLASS = YES_ERROR;
				CLANG_WARN_QUOTED_INCLUDE_IN_FRAMEWORK_HEADER = YES;
				CLANG_WARN_RANGE_LOOP_ANALYSIS = YES;
				CLANG_WARN_STRICT_PROTOTYPES = YES;
				CLANG_WARN_SUSPICIOUS_MOVE = YES;
				CLANG_WARN_UNGUARDED_AVAILABILITY = YES_AGGRESSIVE;
				CLANG_WARN_UNREACHABLE_CODE = YES;
				CLANG_WARN__DUPLICATE_METHOD_MATCH = YES;
				COPY_PHASE_STRIP = NO;
				DEBUG_INFORMATION_FORMAT = dwarf;
				ENABLE_STRICT_OBJC_MSGSEND = YES;
				ENABLE_TESTABILITY = YES;
				GCC_C_LANGUAGE_STANDARD = gnu11;
				GCC_DYNAMIC_NO_PIC = NO;
				GCC_NO_COMMON_BLOCKS = YES;
				GCC_OPTIMIZATION_LEVEL = 0;
				GCC_PREPROCESSOR_DEFINITIONS = (
					"DEBUG=1",
					"$(inherited)",
				);
				GCC_WARN_64_TO_32_BIT_CONVERSION = YES;
				GCC_WARN_ABOUT_RETURN_TYPE = YES_ERROR;
				GCC_WARN_UNDECLARED_SELECTOR = YES;
				GCC_WARN_UNINITIALIZED_AUTOS = YES_AGGRESSIVE;
				GCC_WARN_UNUSED_FUNCTION = YES;
				GCC_WARN_UNUSED_VARIABLE = YES;
				IPHONEOS_DEPLOYMENT_TARGET = 16.1;
				MTL_ENABLE_DEBUG_INFO = INCLUDE_SOURCE;
				MTL_FAST_MATH = YES;
				ONLY_ACTIVE_ARCH = YES;
				SDKROOT = iphoneos;
				SWIFT_ACTIVE_COMPILATION_CONDITIONS = DEBUG;
				SWIFT_OPTIMIZATION_LEVEL = "-Onone";
			};
			name = Debug;
		};
		E69629B22A8931F50059AB8C /* Release */ = {
			isa = XCBuildConfiguration;
			buildSettings = {
				ALWAYS_SEARCH_USER_PATHS = NO;
				CLANG_ANALYZER_NONNULL = YES;
				CLANG_ANALYZER_NUMBER_OBJECT_CONVERSION = YES_AGGRESSIVE;
				CLANG_CXX_LANGUAGE_STANDARD = "gnu++20";
				CLANG_ENABLE_MODULES = YES;
				CLANG_ENABLE_OBJC_ARC = YES;
				CLANG_ENABLE_OBJC_WEAK = YES;
				CLANG_WARN_BLOCK_CAPTURE_AUTORELEASING = YES;
				CLANG_WARN_BOOL_CONVERSION = YES;
				CLANG_WARN_COMMA = YES;
				CLANG_WARN_CONSTANT_CONVERSION = YES;
				CLANG_WARN_DEPRECATED_OBJC_IMPLEMENTATIONS = YES;
				CLANG_WARN_DIRECT_OBJC_ISA_USAGE = YES_ERROR;
				CLANG_WARN_DOCUMENTATION_COMMENTS = YES;
				CLANG_WARN_EMPTY_BODY = YES;
				CLANG_WARN_ENUM_CONVERSION = YES;
				CLANG_WARN_INFINITE_RECURSION = YES;
				CLANG_WARN_INT_CONVERSION = YES;
				CLANG_WARN_NON_LITERAL_NULL_CONVERSION = YES;
				CLANG_WARN_OBJC_IMPLICIT_RETAIN_SELF = YES;
				CLANG_WARN_OBJC_LITERAL_CONVERSION = YES;
				CLANG_WARN_OBJC_ROOT_CLASS = YES_ERROR;
				CLANG_WARN_QUOTED_INCLUDE_IN_FRAMEWORK_HEADER = YES;
				CLANG_WARN_RANGE_LOOP_ANALYSIS = YES;
				CLANG_WARN_STRICT_PROTOTYPES = YES;
				CLANG_WARN_SUSPICIOUS_MOVE = YES;
				CLANG_WARN_UNGUARDED_AVAILABILITY = YES_AGGRESSIVE;
				CLANG_WARN_UNREACHABLE_CODE = YES;
				CLANG_WARN__DUPLICATE_METHOD_MATCH = YES;
				COPY_PHASE_STRIP = NO;
				DEBUG_INFORMATION_FORMAT = "dwarf-with-dsym";
				ENABLE_NS_ASSERTIONS = NO;
				ENABLE_STRICT_OBJC_MSGSEND = YES;
				GCC_C_LANGUAGE_STANDARD = gnu11;
				GCC_NO_COMMON_BLOCKS = YES;
				GCC_WARN_64_TO_32_BIT_CONVERSION = YES;
				GCC_WARN_ABOUT_RETURN_TYPE = YES_ERROR;
				GCC_WARN_UNDECLARED_SELECTOR = YES;
				GCC_WARN_UNINITIALIZED_AUTOS = YES_AGGRESSIVE;
				GCC_WARN_UNUSED_FUNCTION = YES;
				GCC_WARN_UNUSED_VARIABLE = YES;
				IPHONEOS_DEPLOYMENT_TARGET = 16.1;
				MTL_ENABLE_DEBUG_INFO = NO;
				MTL_FAST_MATH = YES;
				SDKROOT = iphoneos;
				SWIFT_COMPILATION_MODE = wholemodule;
				SWIFT_OPTIMIZATION_LEVEL = "-O";
				VALIDATE_PRODUCT = YES;
			};
			name = Release;
		};
		E69629B42A8931F50059AB8C /* Debug */ = {
			isa = XCBuildConfiguration;
			buildSettings = {
				ASSETCATALOG_COMPILER_APPICON_NAME = AppIcon;
				ASSETCATALOG_COMPILER_GLOBAL_ACCENT_COLOR_NAME = AccentColor;
				CODE_SIGN_STYLE = Automatic;
				CURRENT_PROJECT_VERSION = 1;
				DEVELOPMENT_TEAM = 6V6S92DUYH;
				GENERATE_INFOPLIST_FILE = YES;
				INFOPLIST_FILE = RickAndMorty/Info.plist;
				INFOPLIST_KEY_UIApplicationSupportsIndirectInputEvents = YES;
				INFOPLIST_KEY_UILaunchStoryboardName = LaunchScreen;
				INFOPLIST_KEY_UISupportedInterfaceOrientations_iPad = "UIInterfaceOrientationPortrait UIInterfaceOrientationPortraitUpsideDown UIInterfaceOrientationLandscapeLeft UIInterfaceOrientationLandscapeRight";
				INFOPLIST_KEY_UISupportedInterfaceOrientations_iPhone = "UIInterfaceOrientationPortrait UIInterfaceOrientationLandscapeLeft UIInterfaceOrientationLandscapeRight";
				LD_RUNPATH_SEARCH_PATHS = (
					"$(inherited)",
					"@executable_path/Frameworks",
				);
				MARKETING_VERSION = 1.0;
				PRODUCT_BUNDLE_IDENTIFIER = com.JoJo.RickAndMorty;
				PRODUCT_NAME = "$(TARGET_NAME)";
				SWIFT_EMIT_LOC_STRINGS = YES;
				SWIFT_VERSION = 5.0;
				TARGETED_DEVICE_FAMILY = "1,2";
			};
			name = Debug;
		};
		E69629B52A8931F50059AB8C /* Release */ = {
			isa = XCBuildConfiguration;
			buildSettings = {
				ASSETCATALOG_COMPILER_APPICON_NAME = AppIcon;
				ASSETCATALOG_COMPILER_GLOBAL_ACCENT_COLOR_NAME = AccentColor;
				CODE_SIGN_STYLE = Automatic;
				CURRENT_PROJECT_VERSION = 1;
				DEVELOPMENT_TEAM = 6V6S92DUYH;
				GENERATE_INFOPLIST_FILE = YES;
				INFOPLIST_FILE = RickAndMorty/Info.plist;
				INFOPLIST_KEY_UIApplicationSupportsIndirectInputEvents = YES;
				INFOPLIST_KEY_UILaunchStoryboardName = LaunchScreen;
				INFOPLIST_KEY_UISupportedInterfaceOrientations_iPad = "UIInterfaceOrientationPortrait UIInterfaceOrientationPortraitUpsideDown UIInterfaceOrientationLandscapeLeft UIInterfaceOrientationLandscapeRight";
				INFOPLIST_KEY_UISupportedInterfaceOrientations_iPhone = "UIInterfaceOrientationPortrait UIInterfaceOrientationLandscapeLeft UIInterfaceOrientationLandscapeRight";
				LD_RUNPATH_SEARCH_PATHS = (
					"$(inherited)",
					"@executable_path/Frameworks",
				);
				MARKETING_VERSION = 1.0;
				PRODUCT_BUNDLE_IDENTIFIER = com.JoJo.RickAndMorty;
				PRODUCT_NAME = "$(TARGET_NAME)";
				SWIFT_EMIT_LOC_STRINGS = YES;
				SWIFT_VERSION = 5.0;
				TARGETED_DEVICE_FAMILY = "1,2";
			};
			name = Release;
		};
/* End XCBuildConfiguration section */

/* Begin XCConfigurationList section */
		E696299A2A8931F40059AB8C /* Build configuration list for PBXProject "RickAndMorty" */ = {
			isa = XCConfigurationList;
			buildConfigurations = (
				E69629B12A8931F50059AB8C /* Debug */,
				E69629B22A8931F50059AB8C /* Release */,
			);
			defaultConfigurationIsVisible = 0;
			defaultConfigurationName = Release;
		};
		E69629B32A8931F50059AB8C /* Build configuration list for PBXNativeTarget "RickAndMorty" */ = {
			isa = XCConfigurationList;
			buildConfigurations = (
				E69629B42A8931F50059AB8C /* Debug */,
				E69629B52A8931F50059AB8C /* Release */,
			);
			defaultConfigurationIsVisible = 0;
			defaultConfigurationName = Release;
		};
/* End XCConfigurationList section */
	};
	rootObject = E69629972A8931F40059AB8C /* Project object */;
}
